// !$*UTF8*$!
{
	archiveVersion = 1;
	classes = {
	};
	objectVersion = 50;
	objects = {

/* Begin PBXBuildFile section */
		193FDC132191CC9F0032801F /* AppDelegate.m in Sources */ = {isa = PBXBuildFile; fileRef = 193FDC122191CC9F0032801F /* AppDelegate.m */; };
		193FDC152191CCA20032801F /* Assets.xcassets in Resources */ = {isa = PBXBuildFile; fileRef = 193FDC142191CCA20032801F /* Assets.xcassets */; };
		193FDC182191CCA20032801F /* MainMenu.xib in Resources */ = {isa = PBXBuildFile; fileRef = 193FDC162191CCA20032801F /* MainMenu.xib */; };
		193FDC1B2191CCA20032801F /* main.m in Sources */ = {isa = PBXBuildFile; fileRef = 193FDC1A2191CCA20032801F /* main.m */; };
/* End PBXBuildFile section */

/* Begin PBXFileReference section */
		193FDC0E2191CC9F0032801F /* LookupLeoDict.app */ = {isa = PBXFileReference; explicitFileType = wrapper.application; includeInIndex = 0; path = LookupLeoDict.app; sourceTree = BUILT_PRODUCTS_DIR; };
		193FDC112191CC9F0032801F /* AppDelegate.h */ = {isa = PBXFileReference; lastKnownFileType = sourcecode.c.h; path = AppDelegate.h; sourceTree = "<group>"; };
		193FDC122191CC9F0032801F /* AppDelegate.m */ = {isa = PBXFileReference; lastKnownFileType = sourcecode.c.objc; path = AppDelegate.m; sourceTree = "<group>"; };
		193FDC142191CCA20032801F /* Assets.xcassets */ = {isa = PBXFileReference; lastKnownFileType = folder.assetcatalog; path = Assets.xcassets; sourceTree = "<group>"; };
		193FDC172191CCA20032801F /* Base */ = {isa = PBXFileReference; lastKnownFileType = file.xib; name = Base; path = Base.lproj/MainMenu.xib; sourceTree = "<group>"; };
		193FDC192191CCA20032801F /* Info.plist */ = {isa = PBXFileReference; lastKnownFileType = text.plist.xml; path = Info.plist; sourceTree = "<group>"; };
		193FDC1A2191CCA20032801F /* main.m */ = {isa = PBXFileReference; lastKnownFileType = sourcecode.c.objc; path = main.m; sourceTree = "<group>"; };
		193FDC1C2191CCA20032801F /* LookupLeoDict.entitlements */ = {isa = PBXFileReference; lastKnownFileType = text.plist.entitlements; path = LookupLeoDict.entitlements; sourceTree = "<group>"; };
/* End PBXFileReference section */

/* Begin PBXFrameworksBuildPhase section */
		193FDC0B2191CC9F0032801F /* Frameworks */ = {
			isa = PBXFrameworksBuildPhase;
			buildActionMask = 2147483647;
			files = (
			);
			runOnlyForDeploymentPostprocessing = 0;
		};
/* End PBXFrameworksBuildPhase section */

/* Begin PBXGroup section */
		193FDC052191CC9F0032801F = {
			isa = PBXGroup;
			children = (
				193FDC102191CC9F0032801F /* LookupLeoDict */,
				193FDC0F2191CC9F0032801F /* Products */,
			);
			sourceTree = "<group>";
		};
		193FDC0F2191CC9F0032801F /* Products */ = {
			isa = PBXGroup;
			children = (
				193FDC0E2191CC9F0032801F /* LookupLeoDict.app */,
			);
			name = Products;
			sourceTree = "<group>";
		};
		193FDC102191CC9F0032801F /* LookupLeoDict */ = {
			isa = PBXGroup;
			children = (
				193FDC112191CC9F0032801F /* AppDelegate.h */,
				193FDC122191CC9F0032801F /* AppDelegate.m */,
				193FDC142191CCA20032801F /* Assets.xcassets */,
				193FDC162191CCA20032801F /* MainMenu.xib */,
				193FDC192191CCA20032801F /* Info.plist */,
				193FDC1A2191CCA20032801F /* main.m */,
				193FDC1C2191CCA20032801F /* LookupLeoDict.entitlements */,
			);
			path = LookupLeoDict;
			sourceTree = "<group>";
		};
/* End PBXGroup section */

/* Begin PBXNativeTarget section */
		193FDC0D2191CC9F0032801F /* LookupLeoDict */ = {
			isa = PBXNativeTarget;
			buildConfigurationList = 193FDC1F2191CCA20032801F /* Build configuration list for PBXNativeTarget "LookupLeoDict" */;
			buildPhases = (
				193FDC0A2191CC9F0032801F /* Sources */,
				193FDC0B2191CC9F0032801F /* Frameworks */,
				193FDC0C2191CC9F0032801F /* Resources */,
			);
			buildRules = (
			);
			dependencies = (
			);
			name = LookupLeoDict;
			productName = LookupLeoDict;
			productReference = 193FDC0E2191CC9F0032801F /* LookupLeoDict.app */;
			productType = "com.apple.product-type.application";
		};
/* End PBXNativeTarget section */

/* Begin PBXProject section */
		193FDC062191CC9F0032801F /* Project object */ = {
			isa = PBXProject;
			attributes = {
				LastUpgradeCheck = 1010;
				ORGANIZATIONNAME = vaddieg;
				TargetAttributes = {
					193FDC0D2191CC9F0032801F = {
						CreatedOnToolsVersion = 10.1;
					};
				};
			};
			buildConfigurationList = 193FDC092191CC9F0032801F /* Build configuration list for PBXProject "LookupLeoDict" */;
			compatibilityVersion = "Xcode 9.3";
			developmentRegion = en;
			hasScannedForEncodings = 0;
			knownRegions = (
				en,
				Base,
			);
			mainGroup = 193FDC052191CC9F0032801F;
			productRefGroup = 193FDC0F2191CC9F0032801F /* Products */;
			projectDirPath = "";
			projectRoot = "";
			targets = (
				193FDC0D2191CC9F0032801F /* LookupLeoDict */,
			);
		};
/* End PBXProject section */

/* Begin PBXResourcesBuildPhase section */
		193FDC0C2191CC9F0032801F /* Resources */ = {
			isa = PBXResourcesBuildPhase;
			buildActionMask = 2147483647;
			files = (
				193FDC152191CCA20032801F /* Assets.xcassets in Resources */,
				193FDC182191CCA20032801F /* MainMenu.xib in Resources */,
			);
			runOnlyForDeploymentPostprocessing = 0;
		};
/* End PBXResourcesBuildPhase section */

/* Begin PBXSourcesBuildPhase section */
		193FDC0A2191CC9F0032801F /* Sources */ = {
			isa = PBXSourcesBuildPhase;
			buildActionMask = 2147483647;
			files = (
				193FDC1B2191CCA20032801F /* main.m in Sources */,
				193FDC132191CC9F0032801F /* AppDelegate.m in Sources */,
			);
			runOnlyForDeploymentPostprocessing = 0;
		};
/* End PBXSourcesBuildPhase section */

/* Begin PBXVariantGroup section */
		193FDC162191CCA20032801F /* MainMenu.xib */ = {
			isa = PBXVariantGroup;
			children = (
				193FDC172191CCA20032801F /* Base */,
			);
			name = MainMenu.xib;
			sourceTree = "<group>";
		};
/* End PBXVariantGroup section */

/* Begin XCBuildConfiguration section */
		193FDC1D2191CCA20032801F /* Debug */ = {
			isa = XCBuildConfiguration;
			buildSettings = {
				ALWAYS_SEARCH_USER_PATHS = NO;
				CLANG_ANALYZER_NONNULL = YES;
				CLANG_ANALYZER_NUMBER_OBJECT_CONVERSION = YES_AGGRESSIVE;
				CLANG_CXX_LANGUAGE_STANDARD = "gnu++14";
				CLANG_CXX_LIBRARY = "libc++";
				CLANG_ENABLE_MODULES = YES;
				CLANG_ENABLE_OBJC_ARC = YES;
				CLANG_ENABLE_OBJC_WEAK = YES;
				CLANG_WARN_BLOCK_CAPTURE_AUTORELEASING = YES;
				CLANG_WARN_BOOL_CONVERSION = YES;
				CLANG_WARN_COMMA = YES;
				CLANG_WARN_CONSTANT_CONVERSION = YES;
				CLANG_WARN_DEPRECATED_OBJC_IMPLEMENTATIONS = YES;
				CLANG_WARN_DIRECT_OBJC_ISA_USAGE = YES_ERROR;
				CLANG_WARN_DOCUMENTATION_COMMENTS = YES;
				CLANG_WARN_EMPTY_BODY = YES;
				CLANG_WARN_ENUM_CONVERSION = YES;
				CLANG_WARN_INFINITE_RECURSION = YES;
				CLANG_WARN_INT_CONVERSION = YES;
				CLANG_WARN_NON_LITERAL_NULL_CONVERSION = YES;
				CLANG_WARN_OBJC_IMPLICIT_RETAIN_SELF = YES;
				CLANG_WARN_OBJC_LITERAL_CONVERSION = YES;
				CLANG_WARN_OBJC_ROOT_CLASS = YES_ERROR;
				CLANG_WARN_RANGE_LOOP_ANALYSIS = YES;
				CLANG_WARN_STRICT_PROTOTYPES = YES;
				CLANG_WARN_SUSPICIOUS_MOVE = YES;
				CLANG_WARN_UNGUARDED_AVAILABILITY = YES_AGGRESSIVE;
				CLANG_WARN_UNREACHABLE_CODE = YES;
				CLANG_WARN__DUPLICATE_METHOD_MATCH = YES;
				CODE_SIGN_IDENTITY = "-";
				COPY_PHASE_STRIP = NO;
				DEBUG_INFORMATION_FORMAT = dwarf;
				ENABLE_STRICT_OBJC_MSGSEND = YES;
				ENABLE_TESTABILITY = YES;
				GCC_C_LANGUAGE_STANDARD = gnu11;
				GCC_DYNAMIC_NO_PIC = NO;
				GCC_NO_COMMON_BLOCKS = YES;
				GCC_OPTIMIZATION_LEVEL = 0;
				GCC_PREPROCESSOR_DEFINITIONS = (
					"DEBUG=1",
					"$(inherited)",
				);
				GCC_WARN_64_TO_32_BIT_CONVERSION = YES;
				GCC_WARN_ABOUT_RETURN_TYPE = YES_ERROR;
				GCC_WARN_UNDECLARED_SELECTOR = YES;
				GCC_WARN_UNINITIALIZED_AUTOS = YES_AGGRESSIVE;
				GCC_WARN_UNUSED_FUNCTION = YES;
				GCC_WARN_UNUSED_VARIABLE = YES;
				MACOSX_DEPLOYMENT_TARGET = 10.14;
				MTL_ENABLE_DEBUG_INFO = INCLUDE_SOURCE;
				MTL_FAST_MATH = YES;
				ONLY_ACTIVE_ARCH = YES;
				SDKROOT = macosx;
			};
			name = Debug;
		};
		193FDC1E2191CCA20032801F /* Release */ = {
			isa = XCBuildConfiguration;
			buildSettings = {
				ALWAYS_SEARCH_USER_PATHS = NO;
				CLANG_ANALYZER_NONNULL = YES;
				CLANG_ANALYZER_NUMBER_OBJECT_CONVERSION = YES_AGGRESSIVE;
				CLANG_CXX_LANGUAGE_STANDARD = "gnu++14";
				CLANG_CXX_LIBRARY = "libc++";
				CLANG_ENABLE_MODULES = YES;
				CLANG_ENABLE_OBJC_ARC = YES;
				CLANG_ENABLE_OBJC_WEAK = YES;
				CLANG_WARN_BLOCK_CAPTURE_AUTORELEASING = YES;
				CLANG_WARN_BOOL_CONVERSION = YES;
				CLANG_WARN_COMMA = YES;
				CLANG_WARN_CONSTANT_CONVERSION = YES;
				CLANG_WARN_DEPRECATED_OBJC_IMPLEMENTATIONS = YES;
				CLANG_WARN_DIRECT_OBJC_ISA_USAGE = YES_ERROR;
				CLANG_WARN_DOCUMENTATION_COMMENTS = YES;
				CLANG_WARN_EMPTY_BODY = YES;
				CLANG_WARN_ENUM_CONVERSION = YES;
				CLANG_WARN_INFINITE_RECURSION = YES;
				CLANG_WARN_INT_CONVERSION = YES;
				CLANG_WARN_NON_LITERAL_NULL_CONVERSION = YES;
				CLANG_WARN_OBJC_IMPLICIT_RETAIN_SELF = YES;
				CLANG_WARN_OBJC_LITERAL_CONVERSION = YES;
				CLANG_WARN_OBJC_ROOT_CLASS = YES_ERROR;
				CLANG_WARN_RANGE_LOOP_ANALYSIS = YES;
				CLANG_WARN_STRICT_PROTOTYPES = YES;
				CLANG_WARN_SUSPICIOUS_MOVE = YES;
				CLANG_WARN_UNGUARDED_AVAILABILITY = YES_AGGRESSIVE;
				CLANG_WARN_UNREACHABLE_CODE = YES;
				CLANG_WARN__DUPLICATE_METHOD_MATCH = YES;
				CODE_SIGN_IDENTITY = "-";
				COPY_PHASE_STRIP = NO;
				DEBUG_INFORMATION_FORMAT = "dwarf-with-dsym";
				ENABLE_NS_ASSERTIONS = NO;
				ENABLE_STRICT_OBJC_MSGSEND = YES;
				GCC_C_LANGUAGE_STANDARD = gnu11;
				GCC_NO_COMMON_BLOCKS = YES;
				GCC_WARN_64_TO_32_BIT_CONVERSION = YES;
				GCC_WARN_ABOUT_RETURN_TYPE = YES_ERROR;
				GCC_WARN_UNDECLARED_SELECTOR = YES;
				GCC_WARN_UNINITIALIZED_AUTOS = YES_AGGRESSIVE;
				GCC_WARN_UNUSED_FUNCTION = YES;
				GCC_WARN_UNUSED_VARIABLE = YES;
				MACOSX_DEPLOYMENT_TARGET = 10.14;
				MTL_ENABLE_DEBUG_INFO = NO;
				MTL_FAST_MATH = YES;
				SDKROOT = macosx;
			};
			name = Release;
		};
		193FDC202191CCA20032801F /* Debug */ = {
			isa = XCBuildConfiguration;
			buildSettings = {
				ASSETCATALOG_COMPILER_APPICON_NAME = AppIcon;
				CODE_SIGN_ENTITLEMENTS = LookupLeoDict/LookupLeoDict.entitlements;
				CODE_SIGN_STYLE = Automatic;
				COMBINE_HIDPI_IMAGES = YES;
				INFOPLIST_FILE = LookupLeoDict/Info.plist;
				LD_RUNPATH_SEARCH_PATHS = (
					"$(inherited)",
					"@executable_path/../Frameworks",
				);
				PRODUCT_BUNDLE_IDENTIFIER = home.LookupLeoDict;
				PRODUCT_NAME = "$(TARGET_NAME)";
			};
			name = Debug;
		};
		193FDC212191CCA20032801F /* Release */ = {
			isa = XCBuildConfiguration;
			buildSettings = {
				ASSETCATALOG_COMPILER_APPICON_NAME = AppIcon;
				CODE_SIGN_ENTITLEMENTS = LookupLeoDict/LookupLeoDict.entitlements;
				CODE_SIGN_STYLE = Automatic;
				COMBINE_HIDPI_IMAGES = YES;
				INFOPLIST_FILE = LookupLeoDict/Info.plist;
				LD_RUNPATH_SEARCH_PATHS = (
					"$(inherited)",
					"@executable_path/../Frameworks",
				);
				PRODUCT_BUNDLE_IDENTIFIER = home.LookupLeoDict;
				PRODUCT_NAME = "$(TARGET_NAME)";
			};
			name = Release;
		};
/* End XCBuildConfiguration section */

/* Begin XCConfigurationList section */
		193FDC092191CC9F0032801F /* Build configuration list for PBXProject "LookupLeoDict" */ = {
			isa = XCConfigurationList;
			buildConfigurations = (
				193FDC1D2191CCA20032801F /* Debug */,
				193FDC1E2191CCA20032801F /* Release */,
			);
			defaultConfigurationIsVisible = 0;
			defaultConfigurationName = Release;
		};
		193FDC1F2191CCA20032801F /* Build configuration list for PBXNativeTarget "LookupLeoDict" */ = {
			isa = XCConfigurationList;
			buildConfigurations = (
				193FDC202191CCA20032801F /* Debug */,
				193FDC212191CCA20032801F /* Release */,
			);
			defaultConfigurationIsVisible = 0;
			defaultConfigurationName = Release;
		};
/* End XCConfigurationList section */
	};
	rootObject = 193FDC062191CC9F0032801F /* Project object */;
}
